
Microsoft Visual Studio Solution File, Format Version 12.00
# Visual Studio Version 17
VisualStudioVersion = 17.9.34607.119
MinimumVisualStudioVersion = 10.0.40219.1
Project("{FAE04EC0-301F-11D3-BF4B-00C04F79EFBC}") = "TransactionTracker", "TransactionTracker.csproj", "{CD5DDE4C-744E-470B-AA5F-1EBD18C3A1E6}"
EndProject
Global
	GlobalSection(SolutionConfigurationPlatforms) = preSolution
		Debug|Any CPU = Debug|Any CPU
		Release|Any CPU = Release|Any CPU
	EndGlobalSection
	GlobalSection(ProjectConfigurationPlatforms) = postSolution
		{CD5DDE4C-744E-470B-AA5F-1EBD18C3A1E6}.Debug|Any CPU.ActiveCfg = Debug|Any CPU
		{CD5DDE4C-744E-470B-AA5F-1EBD18C3A1E6}.Debug|Any CPU.Build.0 = Debug|Any CPU
		{CD5DDE4C-744E-470B-AA5F-1EBD18C3A1E6}.Release|Any CPU.ActiveCfg = Release|Any CPU
		{CD5DDE4C-744E-470B-AA5F-1EBD18C3A1E6}.Release|Any CPU.Build.0 = Release|Any CPU
	EndGlobalSection
	GlobalSection(SolutionProperties) = preSolution
		HideSolutionNode = FALSE
	EndGlobalSection
	GlobalSection(ExtensibilityGlobals) = postSolution
		SolutionGuid = {740E30EC-4015-4623-A98C-EFFF995E5A81}
	EndGlobalSection
EndGlobal
